
Microsoft Visual Studio Solution File, Format Version 12.00
# Visual Studio Version 17
VisualStudioVersion = 17.0.31903.59
MinimumVisualStudioVersion = 10.0.40219.1
Project("{FAE04EC0-301F-11D3-BF4B-00C04F79EFBC}") = "FakeInstagram", "FakeInstagram\FakeInstagram.csproj", "{FEA8B1D3-784B-440E-A003-C1E1B139F60D}"
EndProject
Project("{FAE04EC0-301F-11D3-BF4B-00C04F79EFBC}") = "FakeInstagram.Test", "FakeInstagram.Test\FakeInstagram.Test.csproj", "{352DD5EB-854C-4567-A5F6-BC04E9BCF34E}"
EndProject
Global
	GlobalSection(SolutionConfigurationPlatforms) = preSolution
		Debug|Any CPU = Debug|Any CPU
		Release|Any CPU = Release|Any CPU
	EndGlobalSection
	GlobalSection(SolutionProperties) = preSolution
		HideSolutionNode = FALSE
	EndGlobalSection
	GlobalSection(ProjectConfigurationPlatforms) = postSolution
		{FEA8B1D3-784B-440E-A003-C1E1B139F60D}.Debug|Any CPU.ActiveCfg = Debug|Any CPU
		{FEA8B1D3-784B-440E-A003-C1E1B139F60D}.Debug|Any CPU.Build.0 = Debug|Any CPU
		{FEA8B1D3-784B-440E-A003-C1E1B139F60D}.Release|Any CPU.ActiveCfg = Release|Any CPU
		{FEA8B1D3-784B-440E-A003-C1E1B139F60D}.Release|Any CPU.Build.0 = Release|Any CPU
		{352DD5EB-854C-4567-A5F6-BC04E9BCF34E}.Debug|Any CPU.ActiveCfg = Debug|Any CPU
		{352DD5EB-854C-4567-A5F6-BC04E9BCF34E}.Debug|Any CPU.Build.0 = Debug|Any CPU
		{352DD5EB-854C-4567-A5F6-BC04E9BCF34E}.Release|Any CPU.ActiveCfg = Release|Any CPU
		{352DD5EB-854C-4567-A5F6-BC04E9BCF34E}.Release|Any CPU.Build.0 = Release|Any CPU
	EndGlobalSection
EndGlobal
